
Microsoft Visual Studio Solution File, Format Version 12.00
Project("{FAE04EC0-301F-11D3-BF4B-00C04F79EFBC}") = "Descriptify.WebApi", "Descriptify.WebApi\Descriptify.WebApi.csproj", "{1A74CD16-FF24-48A3-B5C7-A81030FBE748}"
EndProject
Project("{FAE04EC0-301F-11D3-BF4B-00C04F79EFBC}") = "Descriptify.Bll", "Descriptify.Bll\Descriptify.Bll.csproj", "{A06AAAE6-95C7-40A7-8B41-68773D2D4555}"
EndProject
Project("{FAE04EC0-301F-11D3-BF4B-00C04F79EFBC}") = "Descriptify.Dal", "Descriptify.Dal\Descriptify.Dal.csproj", "{F2659F24-122E-4A51-AE77-49874BBBACB3}"
EndProject
Project("{FAE04EC0-301F-11D3-BF4B-00C04F79EFBC}") = "Descriptify.Contracts", "Descriptify.Contracts\Descriptify.Contracts.csproj", "{708FE162-070D-4CB1-A0A0-72C5F09156EC}"
EndProject
Global
	GlobalSection(SolutionConfigurationPlatforms) = preSolution
		Debug|Any CPU = Debug|Any CPU
		Release|Any CPU = Release|Any CPU
	EndGlobalSection
	GlobalSection(ProjectConfigurationPlatforms) = postSolution
		{1A74CD16-FF24-48A3-B5C7-A81030FBE748}.Debug|Any CPU.ActiveCfg = Debug|Any CPU
		{1A74CD16-FF24-48A3-B5C7-A81030FBE748}.Debug|Any CPU.Build.0 = Debug|Any CPU
		{1A74CD16-FF24-48A3-B5C7-A81030FBE748}.Release|Any CPU.ActiveCfg = Release|Any CPU
		{1A74CD16-FF24-48A3-B5C7-A81030FBE748}.Release|Any CPU.Build.0 = Release|Any CPU
		{A06AAAE6-95C7-40A7-8B41-68773D2D4555}.Debug|Any CPU.ActiveCfg = Debug|Any CPU
		{A06AAAE6-95C7-40A7-8B41-68773D2D4555}.Debug|Any CPU.Build.0 = Debug|Any CPU
		{A06AAAE6-95C7-40A7-8B41-68773D2D4555}.Release|Any CPU.ActiveCfg = Release|Any CPU
		{A06AAAE6-95C7-40A7-8B41-68773D2D4555}.Release|Any CPU.Build.0 = Release|Any CPU
		{F2659F24-122E-4A51-AE77-49874BBBACB3}.Debug|Any CPU.ActiveCfg = Debug|Any CPU
		{F2659F24-122E-4A51-AE77-49874BBBACB3}.Debug|Any CPU.Build.0 = Debug|Any CPU
		{F2659F24-122E-4A51-AE77-49874BBBACB3}.Release|Any CPU.ActiveCfg = Release|Any CPU
		{F2659F24-122E-4A51-AE77-49874BBBACB3}.Release|Any CPU.Build.0 = Release|Any CPU
		{708FE162-070D-4CB1-A0A0-72C5F09156EC}.Debug|Any CPU.ActiveCfg = Debug|Any CPU
		{708FE162-070D-4CB1-A0A0-72C5F09156EC}.Debug|Any CPU.Build.0 = Debug|Any CPU
		{708FE162-070D-4CB1-A0A0-72C5F09156EC}.Release|Any CPU.ActiveCfg = Release|Any CPU
		{708FE162-070D-4CB1-A0A0-72C5F09156EC}.Release|Any CPU.Build.0 = Release|Any CPU
	EndGlobalSection
EndGlobal
